
Microsoft Visual Studio Solution File, Format Version 12.00
# Visual Studio Version 17
VisualStudioVersion = 17.10.34916.146
MinimumVisualStudioVersion = 10.0.40219.1
Project("{FAE04EC0-301F-11D3-BF4B-00C04F79EFBC}") = "Kadri_AVZ", "AVZ\Kadri_AVZ.csproj", "{07351D43-E82D-4779-A7E0-027F2DD00243}"
EndProject
Global
	GlobalSection(SolutionConfigurationPlatforms) = preSolution
		Debug|Any CPU = Debug|Any CPU
		Release|Any CPU = Release|Any CPU
	EndGlobalSection
	GlobalSection(ProjectConfigurationPlatforms) = postSolution
		{07351D43-E82D-4779-A7E0-027F2DD00243}.Debug|Any CPU.ActiveCfg = Debug|Any CPU
		{07351D43-E82D-4779-A7E0-027F2DD00243}.Debug|Any CPU.Build.0 = Debug|Any CPU
		{07351D43-E82D-4779-A7E0-027F2DD00243}.Release|Any CPU.ActiveCfg = Release|Any CPU
		{07351D43-E82D-4779-A7E0-027F2DD00243}.Release|Any CPU.Build.0 = Release|Any CPU
	EndGlobalSection
	GlobalSection(SolutionProperties) = preSolution
		HideSolutionNode = FALSE
	EndGlobalSection
	GlobalSection(ExtensibilityGlobals) = postSolution
		SolutionGuid = {0FB78436-D847-479D-B590-8F23AA17BBAF}
	EndGlobalSection
EndGlobal
